// !$*UTF8*$!
{
	archiveVersion = 1;
	classes = {
	};
	objectVersion = 48;
	objects = {

/* Begin PBXBuildFile section */
		B9965AA01F9EED3E00725358 /* BrainTests.swift in Sources */ = {isa = PBXBuildFile; fileRef = B9965A991F9EEA1800725358 /* BrainTests.swift */; };
		B9965AA21F9FA21B00725358 /* Brain.swift in Sources */ = {isa = PBXBuildFile; fileRef = B9965AA11F9FA21B00725358 /* Brain.swift */; };
		B9965AA31F9FA26B00725358 /* Brain.swift in Sources */ = {isa = PBXBuildFile; fileRef = B9965AA11F9FA21B00725358 /* Brain.swift */; };
		B9AFBD2F1F9EE61200F7731C /* AppDelegate.swift in Sources */ = {isa = PBXBuildFile; fileRef = B9AFBD2E1F9EE61200F7731C /* AppDelegate.swift */; };
		B9AFBD311F9EE61200F7731C /* ViewController.swift in Sources */ = {isa = PBXBuildFile; fileRef = B9AFBD301F9EE61200F7731C /* ViewController.swift */; };
		B9AFBD341F9EE61200F7731C /* Main.storyboard in Resources */ = {isa = PBXBuildFile; fileRef = B9AFBD321F9EE61200F7731C /* Main.storyboard */; };
		B9AFBD361F9EE61200F7731C /* Assets.xcassets in Resources */ = {isa = PBXBuildFile; fileRef = B9AFBD351F9EE61200F7731C /* Assets.xcassets */; };
		B9AFBD391F9EE61200F7731C /* LaunchScreen.storyboard in Resources */ = {isa = PBXBuildFile; fileRef = B9AFBD371F9EE61200F7731C /* LaunchScreen.storyboard */; };
		B9AFBD4F1F9EE61200F7731C /* FizzBuzzUITests.swift in Sources */ = {isa = PBXBuildFile; fileRef = B9AFBD4E1F9EE61200F7731C /* FizzBuzzUITests.swift */; };
/* End PBXBuildFile section */

/* Begin PBXContainerItemProxy section */
		B9AFBD401F9EE61200F7731C /* PBXContainerItemProxy */ = {
			isa = PBXContainerItemProxy;
			containerPortal = B9AFBD231F9EE61200F7731C /* Project object */;
			proxyType = 1;
			remoteGlobalIDString = B9AFBD2A1F9EE61200F7731C;
			remoteInfo = FizzBuzz;
		};
		B9AFBD4B1F9EE61200F7731C /* PBXContainerItemProxy */ = {
			isa = PBXContainerItemProxy;
			containerPortal = B9AFBD231F9EE61200F7731C /* Project object */;
			proxyType = 1;
			remoteGlobalIDString = B9AFBD2A1F9EE61200F7731C;
			remoteInfo = FizzBuzz;
		};
/* End PBXContainerItemProxy section */

/* Begin PBXFileReference section */
		B9965A981F9EEA1700725358 /* FizzBuzzTests-Bridging-Header.h */ = {isa = PBXFileReference; lastKnownFileType = sourcecode.c.h; path = "FizzBuzzTests-Bridging-Header.h"; sourceTree = "<group>"; };
		B9965A991F9EEA1800725358 /* BrainTests.swift */ = {isa = PBXFileReference; lastKnownFileType = sourcecode.swift; path = BrainTests.swift; sourceTree = "<group>"; };
		B9965AA11F9FA21B00725358 /* Brain.swift */ = {isa = PBXFileReference; lastKnownFileType = sourcecode.swift; path = Brain.swift; sourceTree = "<group>"; };
		B9AFBD2B1F9EE61200F7731C /* FizzBuzz.app */ = {isa = PBXFileReference; explicitFileType = wrapper.application; includeInIndex = 0; path = FizzBuzz.app; sourceTree = BUILT_PRODUCTS_DIR; };
		B9AFBD2E1F9EE61200F7731C /* AppDelegate.swift */ = {isa = PBXFileReference; lastKnownFileType = sourcecode.swift; path = AppDelegate.swift; sourceTree = "<group>"; };
		B9AFBD301F9EE61200F7731C /* ViewController.swift */ = {isa = PBXFileReference; lastKnownFileType = sourcecode.swift; path = ViewController.swift; sourceTree = "<group>"; };
		B9AFBD331F9EE61200F7731C /* Base */ = {isa = PBXFileReference; lastKnownFileType = file.storyboard; name = Base; path = Base.lproj/Main.storyboard; sourceTree = "<group>"; };
		B9AFBD351F9EE61200F7731C /* Assets.xcassets */ = {isa = PBXFileReference; lastKnownFileType = folder.assetcatalog; path = Assets.xcassets; sourceTree = "<group>"; };
		B9AFBD381F9EE61200F7731C /* Base */ = {isa = PBXFileReference; lastKnownFileType = file.storyboard; name = Base; path = Base.lproj/LaunchScreen.storyboard; sourceTree = "<group>"; };
		B9AFBD3A1F9EE61200F7731C /* Info.plist */ = {isa = PBXFileReference; lastKnownFileType = text.plist.xml; path = Info.plist; sourceTree = "<group>"; };
		B9AFBD3F1F9EE61200F7731C /* FizzBuzzTests.xctest */ = {isa = PBXFileReference; explicitFileType = wrapper.cfbundle; includeInIndex = 0; path = FizzBuzzTests.xctest; sourceTree = BUILT_PRODUCTS_DIR; };
		B9AFBD451F9EE61200F7731C /* Info.plist */ = {isa = PBXFileReference; lastKnownFileType = text.plist.xml; path = Info.plist; sourceTree = "<group>"; };
		B9AFBD4A1F9EE61200F7731C /* FizzBuzzUITests.xctest */ = {isa = PBXFileReference; explicitFileType = wrapper.cfbundle; includeInIndex = 0; path = FizzBuzzUITests.xctest; sourceTree = BUILT_PRODUCTS_DIR; };
		B9AFBD4E1F9EE61200F7731C /* FizzBuzzUITests.swift */ = {isa = PBXFileReference; lastKnownFileType = sourcecode.swift; path = FizzBuzzUITests.swift; sourceTree = "<group>"; };
		B9AFBD501F9EE61200F7731C /* Info.plist */ = {isa = PBXFileReference; lastKnownFileType = text.plist.xml; path = Info.plist; sourceTree = "<group>"; };
/* End PBXFileReference section */

/* Begin PBXFrameworksBuildPhase section */
		B9AFBD281F9EE61200F7731C /* Frameworks */ = {
			isa = PBXFrameworksBuildPhase;
			buildActionMask = 2147483647;
			files = (
			);
			runOnlyForDeploymentPostprocessing = 0;
		};
		B9AFBD3C1F9EE61200F7731C /* Frameworks */ = {
			isa = PBXFrameworksBuildPhase;
			buildActionMask = 2147483647;
			files = (
			);
			runOnlyForDeploymentPostprocessing = 0;
		};
		B9AFBD471F9EE61200F7731C /* Frameworks */ = {
			isa = PBXFrameworksBuildPhase;
			buildActionMask = 2147483647;
			files = (
			);
			runOnlyForDeploymentPostprocessing = 0;
		};
/* End PBXFrameworksBuildPhase section */

/* Begin PBXGroup section */
		B9AFBD221F9EE61200F7731C = {
			isa = PBXGroup;
			children = (
				B9AFBD2D1F9EE61200F7731C /* FizzBuzz */,
				B9AFBD421F9EE61200F7731C /* FizzBuzzTests */,
				B9AFBD4D1F9EE61200F7731C /* FizzBuzzUITests */,
				B9AFBD2C1F9EE61200F7731C /* Products */,
			);
			sourceTree = "<group>";
		};
		B9AFBD2C1F9EE61200F7731C /* Products */ = {
			isa = PBXGroup;
			children = (
				B9AFBD2B1F9EE61200F7731C /* FizzBuzz.app */,
				B9AFBD3F1F9EE61200F7731C /* FizzBuzzTests.xctest */,
				B9AFBD4A1F9EE61200F7731C /* FizzBuzzUITests.xctest */,
			);
			name = Products;
			sourceTree = "<group>";
		};
		B9AFBD2D1F9EE61200F7731C /* FizzBuzz */ = {
			isa = PBXGroup;
			children = (
				B9AFBD2E1F9EE61200F7731C /* AppDelegate.swift */,
				B9AFBD301F9EE61200F7731C /* ViewController.swift */,
				B9AFBD321F9EE61200F7731C /* Main.storyboard */,
				B9AFBD351F9EE61200F7731C /* Assets.xcassets */,
				B9AFBD371F9EE61200F7731C /* LaunchScreen.storyboard */,
				B9AFBD3A1F9EE61200F7731C /* Info.plist */,
				B9965AA11F9FA21B00725358 /* Brain.swift */,
			);
			path = FizzBuzz;
			sourceTree = "<group>";
		};
		B9AFBD421F9EE61200F7731C /* FizzBuzzTests */ = {
			isa = PBXGroup;
			children = (
				B9AFBD451F9EE61200F7731C /* Info.plist */,
				B9965A991F9EEA1800725358 /* BrainTests.swift */,
				B9965A981F9EEA1700725358 /* FizzBuzzTests-Bridging-Header.h */,
			);
			path = FizzBuzzTests;
			sourceTree = "<group>";
		};
		B9AFBD4D1F9EE61200F7731C /* FizzBuzzUITests */ = {
			isa = PBXGroup;
			children = (
				B9AFBD4E1F9EE61200F7731C /* FizzBuzzUITests.swift */,
				B9AFBD501F9EE61200F7731C /* Info.plist */,
			);
			path = FizzBuzzUITests;
			sourceTree = "<group>";
		};
/* End PBXGroup section */

/* Begin PBXNativeTarget section */
		B9AFBD2A1F9EE61200F7731C /* FizzBuzz */ = {
			isa = PBXNativeTarget;
			buildConfigurationList = B9AFBD531F9EE61200F7731C /* Build configuration list for PBXNativeTarget "FizzBuzz" */;
			buildPhases = (
				B9AFBD271F9EE61200F7731C /* Sources */,
				B9AFBD281F9EE61200F7731C /* Frameworks */,
				B9AFBD291F9EE61200F7731C /* Resources */,
			);
			buildRules = (
			);
			dependencies = (
			);
			name = FizzBuzz;
			productName = FizzBuzz;
			productReference = B9AFBD2B1F9EE61200F7731C /* FizzBuzz.app */;
			productType = "com.apple.product-type.application";
		};
		B9AFBD3E1F9EE61200F7731C /* FizzBuzzTests */ = {
			isa = PBXNativeTarget;
			buildConfigurationList = B9AFBD561F9EE61200F7731C /* Build configuration list for PBXNativeTarget "FizzBuzzTests" */;
			buildPhases = (
				B9AFBD3B1F9EE61200F7731C /* Sources */,
				B9AFBD3C1F9EE61200F7731C /* Frameworks */,
				B9AFBD3D1F9EE61200F7731C /* Resources */,
			);
			buildRules = (
			);
			dependencies = (
				B9AFBD411F9EE61200F7731C /* PBXTargetDependency */,
			);
			name = FizzBuzzTests;
			productName = FizzBuzzTests;
			productReference = B9AFBD3F1F9EE61200F7731C /* FizzBuzzTests.xctest */;
			productType = "com.apple.product-type.bundle.unit-test";
		};
		B9AFBD491F9EE61200F7731C /* FizzBuzzUITests */ = {
			isa = PBXNativeTarget;
			buildConfigurationList = B9AFBD591F9EE61200F7731C /* Build configuration list for PBXNativeTarget "FizzBuzzUITests" */;
			buildPhases = (
				B9AFBD461F9EE61200F7731C /* Sources */,
				B9AFBD471F9EE61200F7731C /* Frameworks */,
				B9AFBD481F9EE61200F7731C /* Resources */,
			);
			buildRules = (
			);
			dependencies = (
				B9AFBD4C1F9EE61200F7731C /* PBXTargetDependency */,
			);
			name = FizzBuzzUITests;
			productName = FizzBuzzUITests;
			productReference = B9AFBD4A1F9EE61200F7731C /* FizzBuzzUITests.xctest */;
			productType = "com.apple.product-type.bundle.ui-testing";
		};
/* End PBXNativeTarget section */

/* Begin PBXProject section */
		B9AFBD231F9EE61200F7731C /* Project object */ = {
			isa = PBXProject;
			attributes = {
				LastSwiftUpdateCheck = 0900;
				LastUpgradeCheck = 0900;
				ORGANIZATIONNAME = "Brad  Trott";
				TargetAttributes = {
					B9AFBD2A1F9EE61200F7731C = {
						CreatedOnToolsVersion = 9.0.1;
						ProvisioningStyle = Automatic;
					};
					B9AFBD3E1F9EE61200F7731C = {
						CreatedOnToolsVersion = 9.0.1;
						LastSwiftMigration = 0900;
						ProvisioningStyle = Automatic;
						TestTargetID = B9AFBD2A1F9EE61200F7731C;
					};
					B9AFBD491F9EE61200F7731C = {
						CreatedOnToolsVersion = 9.0.1;
						ProvisioningStyle = Automatic;
						TestTargetID = B9AFBD2A1F9EE61200F7731C;
					};
				};
			};
			buildConfigurationList = B9AFBD261F9EE61200F7731C /* Build configuration list for PBXProject "FizzBuzz" */;
			compatibilityVersion = "Xcode 8.0";
			developmentRegion = en;
			hasScannedForEncodings = 0;
			knownRegions = (
				en,
				Base,
			);
			mainGroup = B9AFBD221F9EE61200F7731C;
			productRefGroup = B9AFBD2C1F9EE61200F7731C /* Products */;
			projectDirPath = "";
			projectRoot = "";
			targets = (
				B9AFBD2A1F9EE61200F7731C /* FizzBuzz */,
				B9AFBD3E1F9EE61200F7731C /* FizzBuzzTests */,
				B9AFBD491F9EE61200F7731C /* FizzBuzzUITests */,
			);
		};
/* End PBXProject section */

/* Begin PBXResourcesBuildPhase section */
		B9AFBD291F9EE61200F7731C /* Resources */ = {
			isa = PBXResourcesBuildPhase;
			buildActionMask = 2147483647;
			files = (
				B9AFBD391F9EE61200F7731C /* LaunchScreen.storyboard in Resources */,
				B9AFBD361F9EE61200F7731C /* Assets.xcassets in Resources */,
				B9AFBD341F9EE61200F7731C /* Main.storyboard in Resources */,
			);
			runOnlyForDeploymentPostprocessing = 0;
		};
		B9AFBD3D1F9EE61200F7731C /* Resources */ = {
			isa = PBXResourcesBuildPhase;
			buildActionMask = 2147483647;
			files = (
			);
			runOnlyForDeploymentPostprocessing = 0;
		};
		B9AFBD481F9EE61200F7731C /* Resources */ = {
			isa = PBXResourcesBuildPhase;
			buildActionMask = 2147483647;
			files = (
			);
			runOnlyForDeploymentPostprocessing = 0;
		};
/* End PBXResourcesBuildPhase section */

/* Begin PBXSourcesBuildPhase section */
		B9AFBD271F9EE61200F7731C /* Sources */ = {
			isa = PBXSourcesBuildPhase;
			buildActionMask = 2147483647;
			files = (
				B9AFBD311F9EE61200F7731C /* ViewController.swift in Sources */,
				B9965AA21F9FA21B00725358 /* Brain.swift in Sources */,
				B9AFBD2F1F9EE61200F7731C /* AppDelegate.swift in Sources */,
			);
			runOnlyForDeploymentPostprocessing = 0;
		};
		B9AFBD3B1F9EE61200F7731C /* Sources */ = {
			isa = PBXSourcesBuildPhase;
			buildActionMask = 2147483647;
			files = (
				B9965AA31F9FA26B00725358 /* Brain.swift in Sources */,
				B9965AA01F9EED3E00725358 /* BrainTests.swift in Sources */,
			);
			runOnlyForDeploymentPostprocessing = 0;
		};
		B9AFBD461F9EE61200F7731C /* Sources */ = {
			isa = PBXSourcesBuildPhase;
			buildActionMask = 2147483647;
			files = (
				B9AFBD4F1F9EE61200F7731C /* FizzBuzzUITests.swift in Sources */,
			);
			runOnlyForDeploymentPostprocessing = 0;
		};
/* End PBXSourcesBuildPhase section */

/* Begin PBXTargetDependency section */
		B9AFBD411F9EE61200F7731C /* PBXTargetDependency */ = {
			isa = PBXTargetDependency;
			target = B9AFBD2A1F9EE61200F7731C /* FizzBuzz */;
			targetProxy = B9AFBD401F9EE61200F7731C /* PBXContainerItemProxy */;
		};
		B9AFBD4C1F9EE61200F7731C /* PBXTargetDependency */ = {
			isa = PBXTargetDependency;
			target = B9AFBD2A1F9EE61200F7731C /* FizzBuzz */;
			targetProxy = B9AFBD4B1F9EE61200F7731C /* PBXContainerItemProxy */;
		};
/* End PBXTargetDependency section */

/* Begin PBXVariantGroup section */
		B9AFBD321F9EE61200F7731C /* Main.storyboard */ = {
			isa = PBXVariantGroup;
			children = (
				B9AFBD331F9EE61200F7731C /* Base */,
			);
			name = Main.storyboard;
			sourceTree = "<group>";
		};
		B9AFBD371F9EE61200F7731C /* LaunchScreen.storyboard */ = {
			isa = PBXVariantGroup;
			children = (
				B9AFBD381F9EE61200F7731C /* Base */,
			);
			name = LaunchScreen.storyboard;
			sourceTree = "<group>";
		};
/* End PBXVariantGroup section */

/* Begin XCBuildConfiguration section */
		B9AFBD511F9EE61200F7731C /* Debug */ = {
			isa = XCBuildConfiguration;
			buildSettings = {
				ALWAYS_SEARCH_USER_PATHS = NO;
				CLANG_ANALYZER_NONNULL = YES;
				CLANG_ANALYZER_NUMBER_OBJECT_CONVERSION = YES_AGGRESSIVE;
				CLANG_CXX_LANGUAGE_STANDARD = "gnu++14";
				CLANG_CXX_LIBRARY = "libc++";
				CLANG_ENABLE_MODULES = YES;
				CLANG_ENABLE_OBJC_ARC = YES;
				CLANG_WARN_BLOCK_CAPTURE_AUTORELEASING = YES;
				CLANG_WARN_BOOL_CONVERSION = YES;
				CLANG_WARN_COMMA = YES;
				CLANG_WARN_CONSTANT_CONVERSION = YES;
				CLANG_WARN_DIRECT_OBJC_ISA_USAGE = YES_ERROR;
				CLANG_WARN_DOCUMENTATION_COMMENTS = YES;
				CLANG_WARN_EMPTY_BODY = YES;
				CLANG_WARN_ENUM_CONVERSION = YES;
				CLANG_WARN_INFINITE_RECURSION = YES;
				CLANG_WARN_INT_CONVERSION = YES;
				CLANG_WARN_NON_LITERAL_NULL_CONVERSION = YES;
				CLANG_WARN_OBJC_LITERAL_CONVERSION = YES;
				CLANG_WARN_OBJC_ROOT_CLASS = YES_ERROR;
				CLANG_WARN_RANGE_LOOP_ANALYSIS = YES;
				CLANG_WARN_STRICT_PROTOTYPES = YES;
				CLANG_WARN_SUSPICIOUS_MOVE = YES;
				CLANG_WARN_UNGUARDED_AVAILABILITY = YES_AGGRESSIVE;
				CLANG_WARN_UNREACHABLE_CODE = YES;
				CLANG_WARN__DUPLICATE_METHOD_MATCH = YES;
				CODE_SIGN_IDENTITY = "iPhone Developer";
				COPY_PHASE_STRIP = NO;
				DEBUG_INFORMATION_FORMAT = dwarf;
				ENABLE_STRICT_OBJC_MSGSEND = YES;
				ENABLE_TESTABILITY = YES;
				GCC_C_LANGUAGE_STANDARD = gnu11;
				GCC_DYNAMIC_NO_PIC = NO;
				GCC_NO_COMMON_BLOCKS = YES;
				GCC_OPTIMIZATION_LEVEL = 0;
				GCC_PREPROCESSOR_DEFINITIONS = (
					"DEBUG=1",
					"$(inherited)",
				);
				GCC_WARN_64_TO_32_BIT_CONVERSION = YES;
				GCC_WARN_ABOUT_RETURN_TYPE = YES_ERROR;
				GCC_WARN_UNDECLARED_SELECTOR = YES;
				GCC_WARN_UNINITIALIZED_AUTOS = YES_AGGRESSIVE;
				GCC_WARN_UNUSED_FUNCTION = YES;
				GCC_WARN_UNUSED_VARIABLE = YES;
				IPHONEOS_DEPLOYMENT_TARGET = 11.0;
				MTL_ENABLE_DEBUG_INFO = YES;
				ONLY_ACTIVE_ARCH = YES;
				SDKROOT = iphoneos;
				SWIFT_ACTIVE_COMPILATION_CONDITIONS = DEBUG;
				SWIFT_OPTIMIZATION_LEVEL = "-Onone";
			};
			name = Debug;
		};
		B9AFBD521F9EE61200F7731C /* Release */ = {
			isa = XCBuildConfiguration;
			buildSettings = {
				ALWAYS_SEARCH_USER_PATHS = NO;
				CLANG_ANALYZER_NONNULL = YES;
				CLANG_ANALYZER_NUMBER_OBJECT_CONVERSION = YES_AGGRESSIVE;
				CLANG_CXX_LANGUAGE_STANDARD = "gnu++14";
				CLANG_CXX_LIBRARY = "libc++";
				CLANG_ENABLE_MODULES = YES;
				CLANG_ENABLE_OBJC_ARC = YES;
				CLANG_WARN_BLOCK_CAPTURE_AUTORELEASING = YES;
				CLANG_WARN_BOOL_CONVERSION = YES;
				CLANG_WARN_COMMA = YES;
				CLANG_WARN_CONSTANT_CONVERSION = YES;
				CLANG_WARN_DIRECT_OBJC_ISA_USAGE = YES_ERROR;
				CLANG_WARN_DOCUMENTATION_COMMENTS = YES;
				CLANG_WARN_EMPTY_BODY = YES;
				CLANG_WARN_ENUM_CONVERSION = YES;
				CLANG_WARN_INFINITE_RECURSION = YES;
				CLANG_WARN_INT_CONVERSION = YES;
				CLANG_WARN_NON_LITERAL_NULL_CONVERSION = YES;
				CLANG_WARN_OBJC_LITERAL_CONVERSION = YES;
				CLANG_WARN_OBJC_ROOT_CLASS = YES_ERROR;
				CLANG_WARN_RANGE_LOOP_ANALYSIS = YES;
				CLANG_WARN_STRICT_PROTOTYPES = YES;
				CLANG_WARN_SUSPICIOUS_MOVE = YES;
				CLANG_WARN_UNGUARDED_AVAILABILITY = YES_AGGRESSIVE;
				CLANG_WARN_UNREACHABLE_CODE = YES;
				CLANG_WARN__DUPLICATE_METHOD_MATCH = YES;
				CODE_SIGN_IDENTITY = "iPhone Developer";
				COPY_PHASE_STRIP = NO;
				DEBUG_INFORMATION_FORMAT = "dwarf-with-dsym";
				ENABLE_NS_ASSERTIONS = NO;
				ENABLE_STRICT_OBJC_MSGSEND = YES;
				GCC_C_LANGUAGE_STANDARD = gnu11;
				GCC_NO_COMMON_BLOCKS = YES;
				GCC_WARN_64_TO_32_BIT_CONVERSION = YES;
				GCC_WARN_ABOUT_RETURN_TYPE = YES_ERROR;
				GCC_WARN_UNDECLARED_SELECTOR = YES;
				GCC_WARN_UNINITIALIZED_AUTOS = YES_AGGRESSIVE;
				GCC_WARN_UNUSED_FUNCTION = YES;
				GCC_WARN_UNUSED_VARIABLE = YES;
				IPHONEOS_DEPLOYMENT_TARGET = 11.0;
				MTL_ENABLE_DEBUG_INFO = NO;
				SDKROOT = iphoneos;
				SWIFT_OPTIMIZATION_LEVEL = "-Owholemodule";
				VALIDATE_PRODUCT = YES;
			};
			name = Release;
		};
		B9AFBD541F9EE61200F7731C /* Debug */ = {
			isa = XCBuildConfiguration;
			buildSettings = {
				ASSETCATALOG_COMPILER_APPICON_NAME = AppIcon;
				CODE_SIGN_STYLE = Automatic;
				DEVELOPMENT_TEAM = ZKBC6358PV;
				INFOPLIST_FILE = FizzBuzz/Info.plist;
				LD_RUNPATH_SEARCH_PATHS = "$(inherited) @executable_path/Frameworks";
				PRODUCT_BUNDLE_IDENTIFIER = com.bt.edu.FizzBuzz;
				PRODUCT_NAME = "$(TARGET_NAME)";
				SWIFT_VERSION = 4.0;
				TARGETED_DEVICE_FAMILY = "1,2";
			};
			name = Debug;
		};
		B9AFBD551F9EE61200F7731C /* Release */ = {
			isa = XCBuildConfiguration;
			buildSettings = {
				ASSETCATALOG_COMPILER_APPICON_NAME = AppIcon;
				CODE_SIGN_STYLE = Automatic;
				DEVELOPMENT_TEAM = ZKBC6358PV;
				INFOPLIST_FILE = FizzBuzz/Info.plist;
				LD_RUNPATH_SEARCH_PATHS = "$(inherited) @executable_path/Frameworks";
				PRODUCT_BUNDLE_IDENTIFIER = com.bt.edu.FizzBuzz;
				PRODUCT_NAME = "$(TARGET_NAME)";
				SWIFT_VERSION = 4.0;
				TARGETED_DEVICE_FAMILY = "1,2";
			};
			name = Release;
		};
		B9AFBD571F9EE61200F7731C /* Debug */ = {
			isa = XCBuildConfiguration;
			buildSettings = {
				ALWAYS_EMBED_SWIFT_STANDARD_LIBRARIES = YES;
				BUNDLE_LOADER = "$(TEST_HOST)";
				CLANG_ENABLE_MODULES = YES;
				CODE_SIGN_STYLE = Automatic;
				DEVELOPMENT_TEAM = ZKBC6358PV;
				INFOPLIST_FILE = FizzBuzzTests/Info.plist;
				LD_RUNPATH_SEARCH_PATHS = "$(inherited) @executable_path/Frameworks @loader_path/Frameworks";
				PRODUCT_BUNDLE_IDENTIFIER = com.bt.edu.FizzBuzzTests;
				PRODUCT_NAME = "$(TARGET_NAME)";
				SWIFT_OBJC_BRIDGING_HEADER = "FizzBuzzTests/FizzBuzzTests-Bridging-Header.h";
				SWIFT_OPTIMIZATION_LEVEL = "-Onone";
				SWIFT_VERSION = 4.0;
				TARGETED_DEVICE_FAMILY = "1,2";
				TEST_HOST = "$(BUILT_PRODUCTS_DIR)/FizzBuzz.app/FizzBuzz";
			};
			name = Debug;
		};
		B9AFBD581F9EE61200F7731C /* Release */ = {
			isa = XCBuildConfiguration;
			buildSettings = {
				ALWAYS_EMBED_SWIFT_STANDARD_LIBRARIES = YES;
				BUNDLE_LOADER = "$(TEST_HOST)";
				CLANG_ENABLE_MODULES = YES;
				CODE_SIGN_STYLE = Automatic;
				DEVELOPMENT_TEAM = ZKBC6358PV;
				INFOPLIST_FILE = FizzBuzzTests/Info.plist;
				LD_RUNPATH_SEARCH_PATHS = "$(inherited) @executable_path/Frameworks @loader_path/Frameworks";
				PRODUCT_BUNDLE_IDENTIFIER = com.bt.edu.FizzBuzzTests;
				PRODUCT_NAME = "$(TARGET_NAME)";
				SWIFT_OBJC_BRIDGING_HEADER = "FizzBuzzTests/FizzBuzzTests-Bridging-Header.h";
				SWIFT_VERSION = 4.0;
				TARGETED_DEVICE_FAMILY = "1,2";
				TEST_HOST = "$(BUILT_PRODUCTS_DIR)/FizzBuzz.app/FizzBuzz";
			};
			name = Release;
		};
		B9AFBD5A1F9EE61200F7731C /* Debug */ = {
			isa = XCBuildConfiguration;
			buildSettings = {
				ALWAYS_EMBED_SWIFT_STANDARD_LIBRARIES = YES;
				CODE_SIGN_STYLE = Automatic;
				DEVELOPMENT_TEAM = ZKBC6358PV;
				INFOPLIST_FILE = FizzBuzzUITests/Info.plist;
				LD_RUNPATH_SEARCH_PATHS = "$(inherited) @executable_path/Frameworks @loader_path/Frameworks";
				PRODUCT_BUNDLE_IDENTIFIER = com.bt.edu.FizzBuzzUITests;
				PRODUCT_NAME = "$(TARGET_NAME)";
				SWIFT_VERSION = 4.0;
				TARGETED_DEVICE_FAMILY = "1,2";
				TEST_TARGET_NAME = FizzBuzz;
			};
			name = Debug;
		};
		B9AFBD5B1F9EE61200F7731C /* Release */ = {
			isa = XCBuildConfiguration;
			buildSettings = {
				ALWAYS_EMBED_SWIFT_STANDARD_LIBRARIES = YES;
				CODE_SIGN_STYLE = Automatic;
				DEVELOPMENT_TEAM = ZKBC6358PV;
				INFOPLIST_FILE = FizzBuzzUITests/Info.plist;
				LD_RUNPATH_SEARCH_PATHS = "$(inherited) @executable_path/Frameworks @loader_path/Frameworks";
				PRODUCT_BUNDLE_IDENTIFIER = com.bt.edu.FizzBuzzUITests;
				PRODUCT_NAME = "$(TARGET_NAME)";
				SWIFT_VERSION = 4.0;
				TARGETED_DEVICE_FAMILY = "1,2";
				TEST_TARGET_NAME = FizzBuzz;
			};
			name = Release;
		};
/* End XCBuildConfiguration section */

/* Begin XCConfigurationList section */
		B9AFBD261F9EE61200F7731C /* Build configuration list for PBXProject "FizzBuzz" */ = {
			isa = XCConfigurationList;
			buildConfigurations = (
				B9AFBD511F9EE61200F7731C /* Debug */,
				B9AFBD521F9EE61200F7731C /* Release */,
			);
			defaultConfigurationIsVisible = 0;
			defaultConfigurationName = Release;
		};
		B9AFBD531F9EE61200F7731C /* Build configuration list for PBXNativeTarget "FizzBuzz" */ = {
			isa = XCConfigurationList;
			buildConfigurations = (
				B9AFBD541F9EE61200F7731C /* Debug */,
				B9AFBD551F9EE61200F7731C /* Release */,
			);
			defaultConfigurationIsVisible = 0;
			defaultConfigurationName = Release;
		};
		B9AFBD561F9EE61200F7731C /* Build configuration list for PBXNativeTarget "FizzBuzzTests" */ = {
			isa = XCConfigurationList;
			buildConfigurations = (
				B9AFBD571F9EE61200F7731C /* Debug */,
				B9AFBD581F9EE61200F7731C /* Release */,
			);
			defaultConfigurationIsVisible = 0;
			defaultConfigurationName = Release;
		};
		B9AFBD591F9EE61200F7731C /* Build configuration list for PBXNativeTarget "FizzBuzzUITests" */ = {
			isa = XCConfigurationList;
			buildConfigurations = (
				B9AFBD5A1F9EE61200F7731C /* Debug */,
				B9AFBD5B1F9EE61200F7731C /* Release */,
			);
			defaultConfigurationIsVisible = 0;
			defaultConfigurationName = Release;
		};
/* End XCConfigurationList section */
	};
	rootObject = B9AFBD231F9EE61200F7731C /* Project object */;
}
